{
  "name": "tyrion",
  "version": "0.0.1",
  "lockfileVersion": 1,
  "requires": true,
  "dependencies": {
    "debug": {
      "version": "4.3.2",
      "resolved": "https://registry.npmjs.org/debug/-/debug-4.3.2.tgz",
      "integrity": "sha512-mOp8wKcvj7XxC78zLgw/ZA+6TSgkoE2C/ienthhRD298T7UNwAg9diBpLRxC0mOezLl4B0xV7M0cCO6P/O0Xhw==",
      "requires": {
        "ms": "2.1.2"
      }
    },
    "linewise": {
      "version": "0.0.3",
      "resolved": "https://registry.npmjs.org/linewise/-/linewise-0.0.3.tgz",
      "integrity": "sha1-v5Z7oN0x+q8Jq1vbNnatfyqhhJM="
    },
    "ms": {
      "version": "2.1.2",
      "resolved": "https://registry.npmjs.org/ms/-/ms-2.1.2.tgz",
      "integrity": "sha512-sGkPx+VjMtmA6MX27oA4FBFELFCZZ4S4XqeGOXCv68tT+jb3vk/RyaKWP0PTKyWtmLSM0b+adUTEvbs1PEaH2w=="
    },
    "slate-irc": {
      "version": "0.9.1",
      "resolved": "https://registry.npmjs.org/slate-irc/-/slate-irc-0.9.1.tgz",
      "integrity": "sha512-EcrRtMjSJ/RaubuXwwWmwOIYnF8MDegQStLjud1fa+xntDsiYPuOjLZFAIRT/9Bnc46mMZk+1B1s7h+MAmAPTA==",
      "requires": {
        "debug": "^4.2.0",
        "slate-irc-parser": "^0.1.2"
      }
    },
    "slate-irc-parser": {
      "version": "0.1.2",
      "resolved": "https://registry.npmjs.org/slate-irc-parser/-/slate-irc-parser-0.1.2.tgz",
      "integrity": "sha512-6uc9EAquhMdy4QPm8Creq5DnB39w+d2nKgVul+jQJmAbfUXmtkKZAWPXT3nQNhr52SIQcGmsnb5ujpwu7g+vEQ==",
      "requires": {
        "debug": "^4.2.0",
        "linewise": "0.0.3"
      }
    },
    "slate-irc-sasl": {
      "version": "1.0.2",
      "resolved": "https://registry.npmjs.org/slate-irc-sasl/-/slate-irc-sasl-1.0.2.tgz",
      "integrity": "sha512-ptaTOIeNZ1GI/NhopVZVBR+jVkadjbNZVI7U2b+VCIpjnKgCPDaO1/7bSghpJfqCOGaLlr1uQwsE7sBI2iGSuw==",
      "requires": {
        "debug": "*"
      }
    }
  }
}
